
Microsoft Visual Studio Solution File, Format Version 12.00
# Visual Studio Version 16
VisualStudioVersion = 16.0.30002.166
MinimumVisualStudioVersion = 10.0.40219.1
Project("{FAE04EC0-301F-11D3-BF4B-00C04F79EFBC}") = "FibonacciSequence", "FIbonacciSequence\FibonacciSequence.csproj", "{BD78A466-767A-40ED-974B-FAF9F2D5D562}"
EndProject
Global
	GlobalSection(SolutionConfigurationPlatforms) = preSolution
		Debug|Any CPU = Debug|Any CPU
		Release|Any CPU = Release|Any CPU
	EndGlobalSection
	GlobalSection(ProjectConfigurationPlatforms) = postSolution
		{BD78A466-767A-40ED-974B-FAF9F2D5D562}.Debug|Any CPU.ActiveCfg = Debug|Any CPU
		{BD78A466-767A-40ED-974B-FAF9F2D5D562}.Debug|Any CPU.Build.0 = Debug|Any CPU
		{BD78A466-767A-40ED-974B-FAF9F2D5D562}.Release|Any CPU.ActiveCfg = Release|Any CPU
		{BD78A466-767A-40ED-974B-FAF9F2D5D562}.Release|Any CPU.Build.0 = Release|Any CPU
	EndGlobalSection
	GlobalSection(SolutionProperties) = preSolution
		HideSolutionNode = FALSE
	EndGlobalSection
	GlobalSection(ExtensibilityGlobals) = postSolution
		SolutionGuid = {A59FA4F4-F148-4BEE-B17E-0D0F61110F11}
	EndGlobalSection
EndGlobal
